
Microsoft Visual Studio Solution File, Format Version 12.00
# Visual Studio Version 17
VisualStudioVersion = 17.12.35527.113
MinimumVisualStudioVersion = 10.0.40219.1
Project("{FAE04EC0-301F-11D3-BF4B-00C04F79EFBC}") = "SudokuFastSolver", "SudokuFastSolver\SudokuFastSolver.csproj", "{5F2C4673-B802-4602-9178-8CAB939E63FC}"
EndProject
Project("{FAE04EC0-301F-11D3-BF4B-00C04F79EFBC}") = "TestsSudoku", "TestsSudoku\TestsSudoku.csproj", "{CF4D7C93-9805-4D0C-BDDB-1966A23A3C37}"
EndProject
Global
	GlobalSection(SolutionConfigurationPlatforms) = preSolution
		Debug|Any CPU = Debug|Any CPU
		Release|Any CPU = Release|Any CPU
	EndGlobalSection
	GlobalSection(ProjectConfigurationPlatforms) = postSolution
		{5F2C4673-B802-4602-9178-8CAB939E63FC}.Debug|Any CPU.ActiveCfg = Debug|Any CPU
		{5F2C4673-B802-4602-9178-8CAB939E63FC}.Debug|Any CPU.Build.0 = Debug|Any CPU
		{5F2C4673-B802-4602-9178-8CAB939E63FC}.Release|Any CPU.ActiveCfg = Release|Any CPU
		{5F2C4673-B802-4602-9178-8CAB939E63FC}.Release|Any CPU.Build.0 = Release|Any CPU
		{CF4D7C93-9805-4D0C-BDDB-1966A23A3C37}.Debug|Any CPU.ActiveCfg = Debug|Any CPU
		{CF4D7C93-9805-4D0C-BDDB-1966A23A3C37}.Debug|Any CPU.Build.0 = Debug|Any CPU
		{CF4D7C93-9805-4D0C-BDDB-1966A23A3C37}.Release|Any CPU.ActiveCfg = Release|Any CPU
		{CF4D7C93-9805-4D0C-BDDB-1966A23A3C37}.Release|Any CPU.Build.0 = Release|Any CPU
	EndGlobalSection
	GlobalSection(SolutionProperties) = preSolution
		HideSolutionNode = FALSE
	EndGlobalSection
EndGlobal
